// !$*UTF8*$!
{
	archiveVersion = 1;
	classes = {
	};
	objectVersion = 55;
	objects = {

/* Begin PBXBuildFile section */
		778348E92CB0AB7D00F2509F /* AppDelegate.swift in Sources */ = {isa = PBXBuildFile; fileRef = 778348E82CB0AB7D00F2509F /* AppDelegate.swift */; };
		778348EB2CB0AB7D00F2509F /* SceneDelegate.swift in Sources */ = {isa = PBXBuildFile; fileRef = 778348EA2CB0AB7D00F2509F /* SceneDelegate.swift */; };
		778348ED2CB0AB7D00F2509F /* ViewController.swift in Sources */ = {isa = PBXBuildFile; fileRef = 778348EC2CB0AB7D00F2509F /* ViewController.swift */; };
		778348F02CB0AB7D00F2509F /* Main.storyboard in Resources */ = {isa = PBXBuildFile; fileRef = 778348EE2CB0AB7D00F2509F /* Main.storyboard */; };
		778348F32CB0AB7D00F2509F /* ProyectoListaDeContactos.xcdatamodeld in Sources */ = {isa = PBXBuildFile; fileRef = 778348F12CB0AB7D00F2509F /* ProyectoListaDeContactos.xcdatamodeld */; };
		778348F52CB0AB8E00F2509F /* Assets.xcassets in Resources */ = {isa = PBXBuildFile; fileRef = 778348F42CB0AB8E00F2509F /* Assets.xcassets */; };
		778348F82CB0AB8E00F2509F /* LaunchScreen.storyboard in Resources */ = {isa = PBXBuildFile; fileRef = 778348F62CB0AB8E00F2509F /* LaunchScreen.storyboard */; };
		778349032CB0EE0200F2509F /* ContactoTableViewCell.swift in Sources */ = {isa = PBXBuildFile; fileRef = 778349012CB0EE0200F2509F /* ContactoTableViewCell.swift */; };
		778349042CB0EE0200F2509F /* ContactoTableViewCell.xib in Resources */ = {isa = PBXBuildFile; fileRef = 778349022CB0EE0200F2509F /* ContactoTableViewCell.xib */; };
		778349072CB1BBEC00F2509F /* CoreDataStack.swift in Sources */ = {isa = PBXBuildFile; fileRef = 778349062CB1BBEC00F2509F /* CoreDataStack.swift */; };
		778349092CB1CBB300F2509F /* MainController.swift in Sources */ = {isa = PBXBuildFile; fileRef = 778349082CB1CBB300F2509F /* MainController.swift */; };
		7783490E2CB1DE9500F2509F /* AddContactViewController.swift in Sources */ = {isa = PBXBuildFile; fileRef = 7783490C2CB1DE9500F2509F /* AddContactViewController.swift */; };
		7783490F2CB1DE9500F2509F /* AddContactViewController.xib in Resources */ = {isa = PBXBuildFile; fileRef = 7783490D2CB1DE9500F2509F /* AddContactViewController.xib */; };
/* End PBXBuildFile section */

/* Begin PBXFileReference section */
		778348E52CB0AB7D00F2509F /* ProyectoListaDeContactos.app */ = {isa = PBXFileReference; explicitFileType = wrapper.application; includeInIndex = 0; path = ProyectoListaDeContactos.app; sourceTree = BUILT_PRODUCTS_DIR; };
		778348E82CB0AB7D00F2509F /* AppDelegate.swift */ = {isa = PBXFileReference; lastKnownFileType = sourcecode.swift; path = AppDelegate.swift; sourceTree = "<group>"; };
		778348EA2CB0AB7D00F2509F /* SceneDelegate.swift */ = {isa = PBXFileReference; lastKnownFileType = sourcecode.swift; path = SceneDelegate.swift; sourceTree = "<group>"; };
		778348EC2CB0AB7D00F2509F /* ViewController.swift */ = {isa = PBXFileReference; lastKnownFileType = sourcecode.swift; path = ViewController.swift; sourceTree = "<group>"; };
		778348EF2CB0AB7D00F2509F /* Base */ = {isa = PBXFileReference; lastKnownFileType = file.storyboard; name = Base; path = Base.lproj/Main.storyboard; sourceTree = "<group>"; };
		778348F22CB0AB7D00F2509F /* ProyectoListaDeContactos.xcdatamodel */ = {isa = PBXFileReference; lastKnownFileType = wrapper.xcdatamodel; path = ProyectoListaDeContactos.xcdatamodel; sourceTree = "<group>"; };
		778348F42CB0AB8E00F2509F /* Assets.xcassets */ = {isa = PBXFileReference; lastKnownFileType = folder.assetcatalog; path = Assets.xcassets; sourceTree = "<group>"; };
		778348F72CB0AB8E00F2509F /* Base */ = {isa = PBXFileReference; lastKnownFileType = file.storyboard; name = Base; path = Base.lproj/LaunchScreen.storyboard; sourceTree = "<group>"; };
		778348F92CB0AB8E00F2509F /* Info.plist */ = {isa = PBXFileReference; lastKnownFileType = text.plist.xml; path = Info.plist; sourceTree = "<group>"; };
		778349012CB0EE0200F2509F /* ContactoTableViewCell.swift */ = {isa = PBXFileReference; lastKnownFileType = sourcecode.swift; path = ContactoTableViewCell.swift; sourceTree = "<group>"; };
		778349022CB0EE0200F2509F /* ContactoTableViewCell.xib */ = {isa = PBXFileReference; lastKnownFileType = file.xib; path = ContactoTableViewCell.xib; sourceTree = "<group>"; };
		778349062CB1BBEC00F2509F /* CoreDataStack.swift */ = {isa = PBXFileReference; lastKnownFileType = sourcecode.swift; path = CoreDataStack.swift; sourceTree = "<group>"; };
		778349082CB1CBB300F2509F /* MainController.swift */ = {isa = PBXFileReference; lastKnownFileType = sourcecode.swift; path = MainController.swift; sourceTree = "<group>"; };
		7783490C2CB1DE9500F2509F /* AddContactViewController.swift */ = {isa = PBXFileReference; lastKnownFileType = sourcecode.swift; path = AddContactViewController.swift; sourceTree = "<group>"; };
		7783490D2CB1DE9500F2509F /* AddContactViewController.xib */ = {isa = PBXFileReference; lastKnownFileType = file.xib; path = AddContactViewController.xib; sourceTree = "<group>"; };
/* End PBXFileReference section */

/* Begin PBXFrameworksBuildPhase section */
		778348E22CB0AB7D00F2509F /* Frameworks */ = {
			isa = PBXFrameworksBuildPhase;
			buildActionMask = 2147483647;
			files = (
			);
			runOnlyForDeploymentPostprocessing = 0;
		};
/* End PBXFrameworksBuildPhase section */

/* Begin PBXGroup section */
		778348DC2CB0AB7D00F2509F = {
			isa = PBXGroup;
			children = (
				778348E72CB0AB7D00F2509F /* ProyectoListaDeContactos */,
				778348E62CB0AB7D00F2509F /* Products */,
			);
			sourceTree = "<group>";
		};
		778348E62CB0AB7D00F2509F /* Products */ = {
			isa = PBXGroup;
			children = (
				778348E52CB0AB7D00F2509F /* ProyectoListaDeContactos.app */,
			);
			name = Products;
			sourceTree = "<group>";
		};
		778348E72CB0AB7D00F2509F /* ProyectoListaDeContactos */ = {
			isa = PBXGroup;
			children = (
				778349052CB1BBC100F2509F /* CoreData */,
				778348FF2CB0ED0700F2509F /* View */,
				778348E82CB0AB7D00F2509F /* AppDelegate.swift */,
				778348EA2CB0AB7D00F2509F /* SceneDelegate.swift */,
				778348F42CB0AB8E00F2509F /* Assets.xcassets */,
				778348F62CB0AB8E00F2509F /* LaunchScreen.storyboard */,
				778348F92CB0AB8E00F2509F /* Info.plist */,
			);
			path = ProyectoListaDeContactos;
			sourceTree = "<group>";
		};
		778348FF2CB0ED0700F2509F /* View */ = {
			isa = PBXGroup;
			children = (
				7783490B2CB1DDF900F2509F /* AddContact */,
				7783490A2CB1DDC100F2509F /* MainView */,
				778349002CB0ED5800F2509F /* Cell */,
			);
			path = View;
			sourceTree = "<group>";
		};
		778349002CB0ED5800F2509F /* Cell */ = {
			isa = PBXGroup;
			children = (
				778349012CB0EE0200F2509F /* ContactoTableViewCell.swift */,
				778349022CB0EE0200F2509F /* ContactoTableViewCell.xib */,
			);
			path = Cell;
			sourceTree = "<group>";
		};
		778349052CB1BBC100F2509F /* CoreData */ = {
			isa = PBXGroup;
			children = (
				778348F12CB0AB7D00F2509F /* ProyectoListaDeContactos.xcdatamodeld */,
				778349062CB1BBEC00F2509F /* CoreDataStack.swift */,
			);
			path = CoreData;
			sourceTree = "<group>";
		};
		7783490A2CB1DDC100F2509F /* MainView */ = {
			isa = PBXGroup;
			children = (
				778348EE2CB0AB7D00F2509F /* Main.storyboard */,
				778348EC2CB0AB7D00F2509F /* ViewController.swift */,
				778349082CB1CBB300F2509F /* MainController.swift */,
			);
			path = MainView;
			sourceTree = "<group>";
		};
		7783490B2CB1DDF900F2509F /* AddContact */ = {
			isa = PBXGroup;
			children = (
				7783490C2CB1DE9500F2509F /* AddContactViewController.swift */,
				7783490D2CB1DE9500F2509F /* AddContactViewController.xib */,
			);
			path = AddContact;
			sourceTree = "<group>";
		};
/* End PBXGroup section */

/* Begin PBXNativeTarget section */
		778348E42CB0AB7D00F2509F /* ProyectoListaDeContactos */ = {
			isa = PBXNativeTarget;
			buildConfigurationList = 778348FC2CB0AB8E00F2509F /* Build configuration list for PBXNativeTarget "ProyectoListaDeContactos" */;
			buildPhases = (
				778348E12CB0AB7D00F2509F /* Sources */,
				778348E22CB0AB7D00F2509F /* Frameworks */,
				778348E32CB0AB7D00F2509F /* Resources */,
			);
			buildRules = (
			);
			dependencies = (
			);
			name = ProyectoListaDeContactos;
			productName = ProyectoListaDeContactos;
			productReference = 778348E52CB0AB7D00F2509F /* ProyectoListaDeContactos.app */;
			productType = "com.apple.product-type.application";
		};
/* End PBXNativeTarget section */

/* Begin PBXProject section */
		778348DD2CB0AB7D00F2509F /* Project object */ = {
			isa = PBXProject;
			attributes = {
				BuildIndependentTargetsInParallel = 1;
				LastSwiftUpdateCheck = 1320;
				LastUpgradeCheck = 1320;
				TargetAttributes = {
					778348E42CB0AB7D00F2509F = {
						CreatedOnToolsVersion = 13.2.1;
					};
				};
			};
			buildConfigurationList = 778348E02CB0AB7D00F2509F /* Build configuration list for PBXProject "ProyectoListaDeContactos" */;
			compatibilityVersion = "Xcode 13.0";
			developmentRegion = en;
			hasScannedForEncodings = 0;
			knownRegions = (
				en,
				Base,
			);
			mainGroup = 778348DC2CB0AB7D00F2509F;
			productRefGroup = 778348E62CB0AB7D00F2509F /* Products */;
			projectDirPath = "";
			projectRoot = "";
			targets = (
				778348E42CB0AB7D00F2509F /* ProyectoListaDeContactos */,
			);
		};
/* End PBXProject section */

/* Begin PBXResourcesBuildPhase section */
		778348E32CB0AB7D00F2509F /* Resources */ = {
			isa = PBXResourcesBuildPhase;
			buildActionMask = 2147483647;
			files = (
				778349042CB0EE0200F2509F /* ContactoTableViewCell.xib in Resources */,
				778348F82CB0AB8E00F2509F /* LaunchScreen.storyboard in Resources */,
				778348F52CB0AB8E00F2509F /* Assets.xcassets in Resources */,
				7783490F2CB1DE9500F2509F /* AddContactViewController.xib in Resources */,
				778348F02CB0AB7D00F2509F /* Main.storyboard in Resources */,
			);
			runOnlyForDeploymentPostprocessing = 0;
		};
/* End PBXResourcesBuildPhase section */

/* Begin PBXSourcesBuildPhase section */
		778348E12CB0AB7D00F2509F /* Sources */ = {
			isa = PBXSourcesBuildPhase;
			buildActionMask = 2147483647;
			files = (
				778348ED2CB0AB7D00F2509F /* ViewController.swift in Sources */,
				778349092CB1CBB300F2509F /* MainController.swift in Sources */,
				778348E92CB0AB7D00F2509F /* AppDelegate.swift in Sources */,
				778348F32CB0AB7D00F2509F /* ProyectoListaDeContactos.xcdatamodeld in Sources */,
				778349072CB1BBEC00F2509F /* CoreDataStack.swift in Sources */,
				7783490E2CB1DE9500F2509F /* AddContactViewController.swift in Sources */,
				778349032CB0EE0200F2509F /* ContactoTableViewCell.swift in Sources */,
				778348EB2CB0AB7D00F2509F /* SceneDelegate.swift in Sources */,
			);
			runOnlyForDeploymentPostprocessing = 0;
		};
/* End PBXSourcesBuildPhase section */

/* Begin PBXVariantGroup section */
		778348EE2CB0AB7D00F2509F /* Main.storyboard */ = {
			isa = PBXVariantGroup;
			children = (
				778348EF2CB0AB7D00F2509F /* Base */,
			);
			name = Main.storyboard;
			sourceTree = "<group>";
		};
		778348F62CB0AB8E00F2509F /* LaunchScreen.storyboard */ = {
			isa = PBXVariantGroup;
			children = (
				778348F72CB0AB8E00F2509F /* Base */,
			);
			name = LaunchScreen.storyboard;
			sourceTree = "<group>";
		};
/* End PBXVariantGroup section */

/* Begin XCBuildConfiguration section */
		778348FA2CB0AB8E00F2509F /* Debug */ = {
			isa = XCBuildConfiguration;
			buildSettings = {
				ALWAYS_SEARCH_USER_PATHS = NO;
				CLANG_ANALYZER_NONNULL = YES;
				CLANG_ANALYZER_NUMBER_OBJECT_CONVERSION = YES_AGGRESSIVE;
				CLANG_CXX_LANGUAGE_STANDARD = "gnu++17";
				CLANG_CXX_LIBRARY = "libc++";
				CLANG_ENABLE_MODULES = YES;
				CLANG_ENABLE_OBJC_ARC = YES;
				CLANG_ENABLE_OBJC_WEAK = YES;
				CLANG_WARN_BLOCK_CAPTURE_AUTORELEASING = YES;
				CLANG_WARN_BOOL_CONVERSION = YES;
				CLANG_WARN_COMMA = YES;
				CLANG_WARN_CONSTANT_CONVERSION = YES;
				CLANG_WARN_DEPRECATED_OBJC_IMPLEMENTATIONS = YES;
				CLANG_WARN_DIRECT_OBJC_ISA_USAGE = YES_ERROR;
				CLANG_WARN_DOCUMENTATION_COMMENTS = YES;
				CLANG_WARN_EMPTY_BODY = YES;
				CLANG_WARN_ENUM_CONVERSION = YES;
				CLANG_WARN_INFINITE_RECURSION = YES;
				CLANG_WARN_INT_CONVERSION = YES;
				CLANG_WARN_NON_LITERAL_NULL_CONVERSION = YES;
				CLANG_WARN_OBJC_IMPLICIT_RETAIN_SELF = YES;
				CLANG_WARN_OBJC_LITERAL_CONVERSION = YES;
				CLANG_WARN_OBJC_ROOT_CLASS = YES_ERROR;
				CLANG_WARN_QUOTED_INCLUDE_IN_FRAMEWORK_HEADER = YES;
				CLANG_WARN_RANGE_LOOP_ANALYSIS = YES;
				CLANG_WARN_STRICT_PROTOTYPES = YES;
				CLANG_WARN_SUSPICIOUS_MOVE = YES;
				CLANG_WARN_UNGUARDED_AVAILABILITY = YES_AGGRESSIVE;
				CLANG_WARN_UNREACHABLE_CODE = YES;
				CLANG_WARN__DUPLICATE_METHOD_MATCH = YES;
				COPY_PHASE_STRIP = NO;
				DEBUG_INFORMATION_FORMAT = dwarf;
				ENABLE_STRICT_OBJC_MSGSEND = YES;
				ENABLE_TESTABILITY = YES;
				GCC_C_LANGUAGE_STANDARD = gnu11;
				GCC_DYNAMIC_NO_PIC = NO;
				GCC_NO_COMMON_BLOCKS = YES;
				GCC_OPTIMIZATION_LEVEL = 0;
				GCC_PREPROCESSOR_DEFINITIONS = (
					"DEBUG=1",
					"$(inherited)",
				);
				GCC_WARN_64_TO_32_BIT_CONVERSION = YES;
				GCC_WARN_ABOUT_RETURN_TYPE = YES_ERROR;
				GCC_WARN_UNDECLARED_SELECTOR = YES;
				GCC_WARN_UNINITIALIZED_AUTOS = YES_AGGRESSIVE;
				GCC_WARN_UNUSED_FUNCTION = YES;
				GCC_WARN_UNUSED_VARIABLE = YES;
				IPHONEOS_DEPLOYMENT_TARGET = 15.2;
				MTL_ENABLE_DEBUG_INFO = INCLUDE_SOURCE;
				MTL_FAST_MATH = YES;
				ONLY_ACTIVE_ARCH = YES;
				SDKROOT = iphoneos;
				SWIFT_ACTIVE_COMPILATION_CONDITIONS = DEBUG;
				SWIFT_OPTIMIZATION_LEVEL = "-Onone";
			};
			name = Debug;
		};
		778348FB2CB0AB8E00F2509F /* Release */ = {
			isa = XCBuildConfiguration;
			buildSettings = {
				ALWAYS_SEARCH_USER_PATHS = NO;
				CLANG_ANALYZER_NONNULL = YES;
				CLANG_ANALYZER_NUMBER_OBJECT_CONVERSION = YES_AGGRESSIVE;
				CLANG_CXX_LANGUAGE_STANDARD = "gnu++17";
				CLANG_CXX_LIBRARY = "libc++";
				CLANG_ENABLE_MODULES = YES;
				CLANG_ENABLE_OBJC_ARC = YES;
				CLANG_ENABLE_OBJC_WEAK = YES;
				CLANG_WARN_BLOCK_CAPTURE_AUTORELEASING = YES;
				CLANG_WARN_BOOL_CONVERSION = YES;
				CLANG_WARN_COMMA = YES;
				CLANG_WARN_CONSTANT_CONVERSION = YES;
				CLANG_WARN_DEPRECATED_OBJC_IMPLEMENTATIONS = YES;
				CLANG_WARN_DIRECT_OBJC_ISA_USAGE = YES_ERROR;
				CLANG_WARN_DOCUMENTATION_COMMENTS = YES;
				CLANG_WARN_EMPTY_BODY = YES;
				CLANG_WARN_ENUM_CONVERSION = YES;
				CLANG_WARN_INFINITE_RECURSION = YES;
				CLANG_WARN_INT_CONVERSION = YES;
				CLANG_WARN_NON_LITERAL_NULL_CONVERSION = YES;
				CLANG_WARN_OBJC_IMPLICIT_RETAIN_SELF = YES;
				CLANG_WARN_OBJC_LITERAL_CONVERSION = YES;
				CLANG_WARN_OBJC_ROOT_CLASS = YES_ERROR;
				CLANG_WARN_QUOTED_INCLUDE_IN_FRAMEWORK_HEADER = YES;
				CLANG_WARN_RANGE_LOOP_ANALYSIS = YES;
				CLANG_WARN_STRICT_PROTOTYPES = YES;
				CLANG_WARN_SUSPICIOUS_MOVE = YES;
				CLANG_WARN_UNGUARDED_AVAILABILITY = YES_AGGRESSIVE;
				CLANG_WARN_UNREACHABLE_CODE = YES;
				CLANG_WARN__DUPLICATE_METHOD_MATCH = YES;
				COPY_PHASE_STRIP = NO;
				DEBUG_INFORMATION_FORMAT = "dwarf-with-dsym";
				ENABLE_NS_ASSERTIONS = NO;
				ENABLE_STRICT_OBJC_MSGSEND = YES;
				GCC_C_LANGUAGE_STANDARD = gnu11;
				GCC_NO_COMMON_BLOCKS = YES;
				GCC_WARN_64_TO_32_BIT_CONVERSION = YES;
				GCC_WARN_ABOUT_RETURN_TYPE = YES_ERROR;
				GCC_WARN_UNDECLARED_SELECTOR = YES;
				GCC_WARN_UNINITIALIZED_AUTOS = YES_AGGRESSIVE;
				GCC_WARN_UNUSED_FUNCTION = YES;
				GCC_WARN_UNUSED_VARIABLE = YES;
				IPHONEOS_DEPLOYMENT_TARGET = 15.2;
				MTL_ENABLE_DEBUG_INFO = NO;
				MTL_FAST_MATH = YES;
				SDKROOT = iphoneos;
				SWIFT_COMPILATION_MODE = wholemodule;
				SWIFT_OPTIMIZATION_LEVEL = "-O";
				VALIDATE_PRODUCT = YES;
			};
			name = Release;
		};
		778348FD2CB0AB8E00F2509F /* Debug */ = {
			isa = XCBuildConfiguration;
			buildSettings = {
				ASSETCATALOG_COMPILER_APPICON_NAME = AppIcon;
				ASSETCATALOG_COMPILER_GLOBAL_ACCENT_COLOR_NAME = AccentColor;
				CODE_SIGN_STYLE = Automatic;
				CURRENT_PROJECT_VERSION = 1;
				GENERATE_INFOPLIST_FILE = YES;
				INFOPLIST_FILE = ProyectoListaDeContactos/Info.plist;
				INFOPLIST_KEY_UIApplicationSupportsIndirectInputEvents = YES;
				INFOPLIST_KEY_UILaunchStoryboardName = LaunchScreen;
				INFOPLIST_KEY_UIMainStoryboardFile = Main;
				INFOPLIST_KEY_UISupportedInterfaceOrientations_iPad = "UIInterfaceOrientationPortrait UIInterfaceOrientationPortraitUpsideDown UIInterfaceOrientationLandscapeLeft UIInterfaceOrientationLandscapeRight";
				INFOPLIST_KEY_UISupportedInterfaceOrientations_iPhone = "UIInterfaceOrientationPortrait UIInterfaceOrientationLandscapeLeft UIInterfaceOrientationLandscapeRight";
				LD_RUNPATH_SEARCH_PATHS = (
					"$(inherited)",
					"@executable_path/Frameworks",
				);
				MARKETING_VERSION = 1.0;
				PRODUCT_BUNDLE_IDENTIFIER = uam.ProyectoListaDeContactos;
				PRODUCT_NAME = "$(TARGET_NAME)";
				SWIFT_EMIT_LOC_STRINGS = YES;
				SWIFT_VERSION = 5.0;
				TARGETED_DEVICE_FAMILY = 1;
			};
			name = Debug;
		};
		778348FE2CB0AB8E00F2509F /* Release */ = {
			isa = XCBuildConfiguration;
			buildSettings = {
				ASSETCATALOG_COMPILER_APPICON_NAME = AppIcon;
				ASSETCATALOG_COMPILER_GLOBAL_ACCENT_COLOR_NAME = AccentColor;
				CODE_SIGN_STYLE = Automatic;
				CURRENT_PROJECT_VERSION = 1;
				GENERATE_INFOPLIST_FILE = YES;
				INFOPLIST_FILE = ProyectoListaDeContactos/Info.plist;
				INFOPLIST_KEY_UIApplicationSupportsIndirectInputEvents = YES;
				INFOPLIST_KEY_UILaunchStoryboardName = LaunchScreen;
				INFOPLIST_KEY_UIMainStoryboardFile = Main;
				INFOPLIST_KEY_UISupportedInterfaceOrientations_iPad = "UIInterfaceOrientationPortrait UIInterfaceOrientationPortraitUpsideDown UIInterfaceOrientationLandscapeLeft UIInterfaceOrientationLandscapeRight";
				INFOPLIST_KEY_UISupportedInterfaceOrientations_iPhone = "UIInterfaceOrientationPortrait UIInterfaceOrientationLandscapeLeft UIInterfaceOrientationLandscapeRight";
				LD_RUNPATH_SEARCH_PATHS = (
					"$(inherited)",
					"@executable_path/Frameworks",
				);
				MARKETING_VERSION = 1.0;
				PRODUCT_BUNDLE_IDENTIFIER = uam.ProyectoListaDeContactos;
				PRODUCT_NAME = "$(TARGET_NAME)";
				SWIFT_EMIT_LOC_STRINGS = YES;
				SWIFT_VERSION = 5.0;
				TARGETED_DEVICE_FAMILY = 1;
			};
			name = Release;
		};
/* End XCBuildConfiguration section */

/* Begin XCConfigurationList section */
		778348E02CB0AB7D00F2509F /* Build configuration list for PBXProject "ProyectoListaDeContactos" */ = {
			isa = XCConfigurationList;
			buildConfigurations = (
				778348FA2CB0AB8E00F2509F /* Debug */,
				778348FB2CB0AB8E00F2509F /* Release */,
			);
			defaultConfigurationIsVisible = 0;
			defaultConfigurationName = Release;
		};
		778348FC2CB0AB8E00F2509F /* Build configuration list for PBXNativeTarget "ProyectoListaDeContactos" */ = {
			isa = XCConfigurationList;
			buildConfigurations = (
				778348FD2CB0AB8E00F2509F /* Debug */,
				778348FE2CB0AB8E00F2509F /* Release */,
			);
			defaultConfigurationIsVisible = 0;
			defaultConfigurationName = Release;
		};
/* End XCConfigurationList section */

/* Begin XCVersionGroup section */
		778348F12CB0AB7D00F2509F /* ProyectoListaDeContactos.xcdatamodeld */ = {
			isa = XCVersionGroup;
			children = (
				778348F22CB0AB7D00F2509F /* ProyectoListaDeContactos.xcdatamodel */,
			);
			currentVersion = 778348F22CB0AB7D00F2509F /* ProyectoListaDeContactos.xcdatamodel */;
			path = ProyectoListaDeContactos.xcdatamodeld;
			sourceTree = "<group>";
			versionGroupType = wrapper.xcdatamodel;
		};
/* End XCVersionGroup section */
	};
	rootObject = 778348DD2CB0AB7D00F2509F /* Project object */;
}
